
Microsoft Visual Studio Solution File, Format Version 12.00
# Visual Studio Version 17
VisualStudioVersion = 17.4.33213.308
MinimumVisualStudioVersion = 10.0.40219.1
Project("{9A19103F-16F7-4668-BE54-9A1E7A4F7556}") = "ECommerce.Api.Products", "ECommerce.Api.Products\ECommerce.Api.Products.csproj", "{101177BA-0468-476F-BBDD-055DC8301474}"
EndProject
Project("{9A19103F-16F7-4668-BE54-9A1E7A4F7556}") = "ECommerce.Api.Customers", "ECommerce.Api.Customers\ECommerce.Api.Customers.csproj", "{D7CC0616-CD41-420C-B29A-FB6D988219CB}"
EndProject
Project("{9A19103F-16F7-4668-BE54-9A1E7A4F7556}") = "ECommerce.Api.Orders", "ECommerce.Api.Orders\ECommerce.Api.Orders.csproj", "{C5FAAFDF-40CB-4E07-8794-7FC8D7E9A126}"
EndProject
Project("{9A19103F-16F7-4668-BE54-9A1E7A4F7556}") = "ECommerce.Api.Search", "ECommerce.Api.Search\ECommerce.Api.Search.csproj", "{E7B47E22-5FA9-463E-91BC-249B17CF747C}"
EndProject
Project("{FAE04EC0-301F-11D3-BF4B-00C04F79EFBC}") = "ECommerce.Api.Products.Tests", "ECommerce.Api.Products.Tests\ECommerce.Api.Products.Tests.csproj", "{3EC5108A-DD0E-49B7-BE24-4DDBFD7ADB40}"
EndProject
Global
	GlobalSection(SolutionConfigurationPlatforms) = preSolution
		Debug|Any CPU = Debug|Any CPU
		Release|Any CPU = Release|Any CPU
	EndGlobalSection
	GlobalSection(ProjectConfigurationPlatforms) = postSolution
		{101177BA-0468-476F-BBDD-055DC8301474}.Debug|Any CPU.ActiveCfg = Debug|Any CPU
		{101177BA-0468-476F-BBDD-055DC8301474}.Debug|Any CPU.Build.0 = Debug|Any CPU
		{101177BA-0468-476F-BBDD-055DC8301474}.Release|Any CPU.ActiveCfg = Release|Any CPU
		{101177BA-0468-476F-BBDD-055DC8301474}.Release|Any CPU.Build.0 = Release|Any CPU
		{D7CC0616-CD41-420C-B29A-FB6D988219CB}.Debug|Any CPU.ActiveCfg = Debug|Any CPU
		{D7CC0616-CD41-420C-B29A-FB6D988219CB}.Debug|Any CPU.Build.0 = Debug|Any CPU
		{D7CC0616-CD41-420C-B29A-FB6D988219CB}.Release|Any CPU.ActiveCfg = Release|Any CPU
		{D7CC0616-CD41-420C-B29A-FB6D988219CB}.Release|Any CPU.Build.0 = Release|Any CPU
		{C5FAAFDF-40CB-4E07-8794-7FC8D7E9A126}.Debug|Any CPU.ActiveCfg = Debug|Any CPU
		{C5FAAFDF-40CB-4E07-8794-7FC8D7E9A126}.Debug|Any CPU.Build.0 = Debug|Any CPU
		{C5FAAFDF-40CB-4E07-8794-7FC8D7E9A126}.Release|Any CPU.ActiveCfg = Release|Any CPU
		{C5FAAFDF-40CB-4E07-8794-7FC8D7E9A126}.Release|Any CPU.Build.0 = Release|Any CPU
		{E7B47E22-5FA9-463E-91BC-249B17CF747C}.Debug|Any CPU.ActiveCfg = Debug|Any CPU
		{E7B47E22-5FA9-463E-91BC-249B17CF747C}.Debug|Any CPU.Build.0 = Debug|Any CPU
		{E7B47E22-5FA9-463E-91BC-249B17CF747C}.Release|Any CPU.ActiveCfg = Release|Any CPU
		{E7B47E22-5FA9-463E-91BC-249B17CF747C}.Release|Any CPU.Build.0 = Release|Any CPU
		{3EC5108A-DD0E-49B7-BE24-4DDBFD7ADB40}.Debug|Any CPU.ActiveCfg = Debug|Any CPU
		{3EC5108A-DD0E-49B7-BE24-4DDBFD7ADB40}.Debug|Any CPU.Build.0 = Debug|Any CPU
		{3EC5108A-DD0E-49B7-BE24-4DDBFD7ADB40}.Release|Any CPU.ActiveCfg = Release|Any CPU
		{3EC5108A-DD0E-49B7-BE24-4DDBFD7ADB40}.Release|Any CPU.Build.0 = Release|Any CPU
	EndGlobalSection
	GlobalSection(SolutionProperties) = preSolution
		HideSolutionNode = FALSE
	EndGlobalSection
	GlobalSection(ExtensibilityGlobals) = postSolution
		SolutionGuid = {7D3A3E71-3590-4D1D-8123-8F7418427BBE}
	EndGlobalSection
EndGlobal
